
Microsoft Visual Studio Solution File, Format Version 12.00
# Visual Studio Version 17
VisualStudioVersion = 17.10.35013.160
MinimumVisualStudioVersion = 10.0.40219.1
Project("{9A19103F-16F7-4668-BE54-9A1E7A4F7556}") = "TR.Azure.Api", "TR.Azure.Api\TR.Azure.Api.csproj", "{B71FD62D-AE6C-47DD-9259-913967F0BD02}"
EndProject
Project("{E53339B2-1760-4266-BCC7-CA923CBCF16C}") = "docker-compose", "docker-compose.dcproj", "{7B7AD0A7-874F-4861-8648-B16AAB33FCC7}"
EndProject
Project("{2150E333-8FDC-42A3-9474-1A3956D46DE8}") = "Itens de Solução", "Itens de Solução", "{F7409FFF-83BC-47C4-8F0C-62E0BB84C3C2}"
	ProjectSection(SolutionItems) = preProject
		.env = .env
	EndProjectSection
EndProject
Global
	GlobalSection(SolutionConfigurationPlatforms) = preSolution
		Debug|Any CPU = Debug|Any CPU
		Release|Any CPU = Release|Any CPU
	EndGlobalSection
	GlobalSection(ProjectConfigurationPlatforms) = postSolution
		{B71FD62D-AE6C-47DD-9259-913967F0BD02}.Debug|Any CPU.ActiveCfg = Debug|Any CPU
		{B71FD62D-AE6C-47DD-9259-913967F0BD02}.Debug|Any CPU.Build.0 = Debug|Any CPU
		{B71FD62D-AE6C-47DD-9259-913967F0BD02}.Release|Any CPU.ActiveCfg = Release|Any CPU
		{B71FD62D-AE6C-47DD-9259-913967F0BD02}.Release|Any CPU.Build.0 = Release|Any CPU
		{7B7AD0A7-874F-4861-8648-B16AAB33FCC7}.Debug|Any CPU.ActiveCfg = Debug|Any CPU
		{7B7AD0A7-874F-4861-8648-B16AAB33FCC7}.Debug|Any CPU.Build.0 = Debug|Any CPU
		{7B7AD0A7-874F-4861-8648-B16AAB33FCC7}.Release|Any CPU.ActiveCfg = Release|Any CPU
		{7B7AD0A7-874F-4861-8648-B16AAB33FCC7}.Release|Any CPU.Build.0 = Release|Any CPU
	EndGlobalSection
	GlobalSection(SolutionProperties) = preSolution
		HideSolutionNode = FALSE
	EndGlobalSection
	GlobalSection(ExtensibilityGlobals) = postSolution
		SolutionGuid = {4DEB4F17-4DE3-4BA2-AED6-53A81BFAC1BC}
	EndGlobalSection
EndGlobal
