
Microsoft Visual Studio Solution File, Format Version 12.00
# Visual Studio Version 17
VisualStudioVersion = 17.10.35013.160
MinimumVisualStudioVersion = 10.0.40219.1
Project("{FAE04EC0-301F-11D3-BF4B-00C04F79EFBC}") = "TR.Azure.Api", "TR.Azure.Api\TR.Azure.Api.csproj", "{B71FD62D-AE6C-47DD-9259-913967F0BD02}"
EndProject
Global
	GlobalSection(SolutionConfigurationPlatforms) = preSolution
		Debug|Any CPU = Debug|Any CPU
		Release|Any CPU = Release|Any CPU
	EndGlobalSection
	GlobalSection(ProjectConfigurationPlatforms) = postSolution
		{B71FD62D-AE6C-47DD-9259-913967F0BD02}.Debug|Any CPU.ActiveCfg = Debug|Any CPU
		{B71FD62D-AE6C-47DD-9259-913967F0BD02}.Debug|Any CPU.Build.0 = Debug|Any CPU
		{B71FD62D-AE6C-47DD-9259-913967F0BD02}.Release|Any CPU.ActiveCfg = Release|Any CPU
		{B71FD62D-AE6C-47DD-9259-913967F0BD02}.Release|Any CPU.Build.0 = Release|Any CPU
	EndGlobalSection
	GlobalSection(SolutionProperties) = preSolution
		HideSolutionNode = FALSE
	EndGlobalSection
	GlobalSection(ExtensibilityGlobals) = postSolution
		SolutionGuid = {4DEB4F17-4DE3-4BA2-AED6-53A81BFAC1BC}
	EndGlobalSection
EndGlobal
